
Microsoft Visual Studio Solution File, Format Version 12.00
# Visual Studio Version 16
VisualStudioVersion = 16.0.28803.452
MinimumVisualStudioVersion = 10.0.40219.1
Project("{FAE04EC0-301F-11D3-BF4B-00C04F79EFBC}") = "HackathonBackEnd", "HackathonBackEnd\HackathonBackEnd.csproj", "{657D7A15-08BC-4A7B-9503-B39D633EBD19}"
EndProject
Global
	GlobalSection(SolutionConfigurationPlatforms) = preSolution
		Debug|Any CPU = Debug|Any CPU
		Release|Any CPU = Release|Any CPU
	EndGlobalSection
	GlobalSection(ProjectConfigurationPlatforms) = postSolution
		{657D7A15-08BC-4A7B-9503-B39D633EBD19}.Debug|Any CPU.ActiveCfg = Debug|Any CPU
		{657D7A15-08BC-4A7B-9503-B39D633EBD19}.Debug|Any CPU.Build.0 = Debug|Any CPU
		{657D7A15-08BC-4A7B-9503-B39D633EBD19}.Release|Any CPU.ActiveCfg = Release|Any CPU
		{657D7A15-08BC-4A7B-9503-B39D633EBD19}.Release|Any CPU.Build.0 = Release|Any CPU
	EndGlobalSection
	GlobalSection(SolutionProperties) = preSolution
		HideSolutionNode = FALSE
	EndGlobalSection
	GlobalSection(ExtensibilityGlobals) = postSolution
		SolutionGuid = {6101F2A6-FC04-4EB1-873B-668AC36C1329}
	EndGlobalSection
EndGlobal
